
Microsoft Visual Studio Solution File, Format Version 12.00
# Visual Studio Version 17
VisualStudioVersion = 17.4.33213.308
MinimumVisualStudioVersion = 10.0.40219.1
Project("{FAE04EC0-301F-11D3-BF4B-00C04F79EFBC}") = "rental video application", "rental video application.csproj", "{56082128-B9E3-414B-8A8D-4758022914CB}"
EndProject
Global
	GlobalSection(SolutionConfigurationPlatforms) = preSolution
		Debug|Any CPU = Debug|Any CPU
		Release|Any CPU = Release|Any CPU
	EndGlobalSection
	GlobalSection(ProjectConfigurationPlatforms) = postSolution
		{56082128-B9E3-414B-8A8D-4758022914CB}.Debug|Any CPU.ActiveCfg = Debug|Any CPU
		{56082128-B9E3-414B-8A8D-4758022914CB}.Debug|Any CPU.Build.0 = Debug|Any CPU
		{56082128-B9E3-414B-8A8D-4758022914CB}.Release|Any CPU.ActiveCfg = Release|Any CPU
		{56082128-B9E3-414B-8A8D-4758022914CB}.Release|Any CPU.Build.0 = Release|Any CPU
	EndGlobalSection
	GlobalSection(SolutionProperties) = preSolution
		HideSolutionNode = FALSE
	EndGlobalSection
	GlobalSection(ExtensibilityGlobals) = postSolution
		SolutionGuid = {2D138ACE-5ED7-4FED-8A16-36FAE704B9DE}
	EndGlobalSection
EndGlobal
